// !$*UTF8*$!
{
	archiveVersion = 1;
	classes = {
	};
	objectVersion = 77;
	objects = {

/* Begin PBXBuildFile section */
		0E2AED6E300F2B0E007F4143 /* PCMUDPSender in Frameworks */ = {isa = PBXBuildFile; productRef = 0EFDB0012FFB000000BA711A /* PCMUDPSender */; };
		0E2AED6F300F2B0E007F4143 /* PCMUDPReceiver in Frameworks */ = {isa = PBXBuildFile; productRef = 0EFDB0022FFB000000BA711A /* PCMUDPReceiver */; };
		0E2AED70300F2B0E007F4143 /* PCMPassthrough in Frameworks */ = {isa = PBXBuildFile; productRef = 0EFDB0032FFB000000BA711A /* PCMPassthrough */; };
		0E2AED71300F2B0E007F4143 /* PCMMixer in Frameworks */ = {isa = PBXBuildFile; productRef = 0EFDB0042FFB000000BA711A /* PCMMixer */; };
		0E2AED72300F2B0E007F4143 /* PCMSpeechSynth in Frameworks */ = {isa = PBXBuildFile; productRef = 0EFDB0052FFB000000BA711A /* PCMSpeechSynth */; };
		0E2AED73300F2B0E007F4143 /* AUProcessor in Frameworks */ = {isa = PBXBuildFile; productRef = 0EFDB0062FFB000000BA711A /* AUProcessor */; };
		0E2AED74300F2B0E007F4143 /* AudioInputCapture in Frameworks */ = {isa = PBXBuildFile; productRef = 0EFDB0072FFB000000BA711A /* AudioInputCapture */; };
		0E2AED75300F2B0E007F4143 /* FMDeemphasis in Frameworks */ = {isa = PBXBuildFile; productRef = 0EFDB0082FFB000000BA711A /* FMDeemphasis */; };
		0E543FA1301A3BE400506453 /* PCMJitterBuffer in Frameworks */ = {isa = PBXBuildFile; productRef = 0EFDB0192FFB000000BA711A /* PCMJitterBuffer */; };
		63BFD8D967259C3EFFB09DBE /* LiveAudioRecorder in Frameworks */ = {isa = PBXBuildFile; productRef = 926091239864FEF2D1C7078C /* LiveAudioRecorder */; };
		55FEDCE6E2AC4E308F09175D /* PCMFilePlayer in Frameworks */ = {isa = PBXBuildFile; productRef = DDA4BB40418C4C01B2B770DB /* PCMFilePlayer */; };
		0EA8DC4B2FD666B300D79877 /* Web in Resources */ = {isa = PBXBuildFile; fileRef = 0EA8DC4A2FD666B300D79877 /* Web */; };
		0EAEB6782FED566300BA711A /* sox in CopyFiles */ = {isa = PBXBuildFile; fileRef = 0EAEB6772FED562F00BA711A /* sox */; settings = {ATTRIBUTES = (CodeSignOnCopy, ); }; };
		0EAEB8B82FF3BA2800BA711A /* stereodemux in CopyFiles */ = {isa = PBXBuildFile; fileRef = 0EAEB8B72FF3BA2700BA711A /* stereodemux */; settings = {ATTRIBUTES = (CodeSignOnCopy, ); }; };
		0EAEB8BA2FF3BAFE00BA711A /* libliquid.dylib in Embed Frameworks */ = {isa = PBXBuildFile; fileRef = 0EAEB8B92FF3BAFE00BA711A /* libliquid.dylib */; settings = {ATTRIBUTES = (CodeSignOnCopy, ); }; };
		0EAEB8BC2FF3BB1500BA711A /* libfec.dylib in Embed Frameworks */ = {isa = PBXBuildFile; fileRef = 0EAEB8BB2FF3BB1500BA711A /* libfec.dylib */; settings = {ATTRIBUTES = (CodeSignOnCopy, ); }; };
		0EAEB8BE2FF3BB2C00BA711A /* libfftw3f.3.dylib in Embed Frameworks */ = {isa = PBXBuildFile; fileRef = 0EAEB8BD2FF3BB2C00BA711A /* libfftw3f.3.dylib */; settings = {ATTRIBUTES = (CodeSignOnCopy, ); }; };
		0EAEB8C02FF3BB5000BA711A /* libsndfile.1.dylib in Embed Frameworks */ = {isa = PBXBuildFile; fileRef = 0EAEB8BF2FF3BB5000BA711A /* libsndfile.1.dylib */; settings = {ATTRIBUTES = (CodeSignOnCopy, ); }; };
		0EAEB8C22FF3BB8700BA711A /* libFLAC.14.dylib in Embed Frameworks */ = {isa = PBXBuildFile; fileRef = 0EAEB8C12FF3BB8700BA711A /* libFLAC.14.dylib */; settings = {ATTRIBUTES = (CodeSignOnCopy, ); }; };
		0EAEB8C92FF3BBD100BA711A /* libvorbisenc.2.dylib in Embed Frameworks */ = {isa = PBXBuildFile; fileRef = 0EAEB8C32FF3BBD100BA711A /* libvorbisenc.2.dylib */; settings = {ATTRIBUTES = (CodeSignOnCopy, ); }; };
		0EAEB8CA2FF3BBD100BA711A /* libmp3lame.0.dylib in Embed Frameworks */ = {isa = PBXBuildFile; fileRef = 0EAEB8C42FF3BBD100BA711A /* libmp3lame.0.dylib */; settings = {ATTRIBUTES = (CodeSignOnCopy, ); }; };
		0EAEB8CB2FF3BBD100BA711A /* libogg.0.dylib in Embed Frameworks */ = {isa = PBXBuildFile; fileRef = 0EAEB8C52FF3BBD100BA711A /* libogg.0.dylib */; settings = {ATTRIBUTES = (CodeSignOnCopy, ); }; };
		0EAEB8CC2FF3BBD100BA711A /* libmpg123.0.dylib in Embed Frameworks */ = {isa = PBXBuildFile; fileRef = 0EAEB8C62FF3BBD100BA711A /* libmpg123.0.dylib */; settings = {ATTRIBUTES = (CodeSignOnCopy, ); }; };
		0EAEB8CD2FF3BBD100BA711A /* libopus.0.dylib in Embed Frameworks */ = {isa = PBXBuildFile; fileRef = 0EAEB8C72FF3BBD100BA711A /* libopus.0.dylib */; settings = {ATTRIBUTES = (CodeSignOnCopy, ); }; };
		0EAEB8CE2FF3BBD100BA711A /* libvorbis.0.dylib in Embed Frameworks */ = {isa = PBXBuildFile; fileRef = 0EAEB8C82FF3BBD100BA711A /* libvorbis.0.dylib */; settings = {ATTRIBUTES = (CodeSignOnCopy, ); }; };
		0EAEBB1A2FFAD5F300BA711A /* PipelineRunner in Frameworks */ = {isa = PBXBuildFile; productRef = 0EAEBB192FFAD5F300BA711A /* PipelineRunner */; };
		0EAEBB1C2FFADA5700BA711A /* LiveAudioServer in CopyFiles */ = {isa = PBXBuildFile; fileRef = 0EAEBB1B2FFADA5700BA711A /* LiveAudioServer */; settings = {ATTRIBUTES = (CodeSignOnCopy, ); }; };
		0EAEBD032FFAE00000BA711A /* AirPlayReceiver in Frameworks */ = {isa = PBXBuildFile; productRef = 0EAEBD022FFAE00000BA711A /* AirPlayReceiver */; };
		A72841DCF0D2B73E6813A9E7 /* SharedLogging in Frameworks */ = {isa = PBXBuildFile; productRef = 308A34B58DA5DBBDFF8BDCF2 /* SharedLogging */; };
		0ECF51042FD87DC8006943DA /* LiveAudioServerCore in Frameworks */ = {isa = PBXBuildFile; productRef = 0ECF51032FD87DC8006943DA /* LiveAudioServerCore */; };
		0ECF51072FD87EB4006943DA /* X509 in Frameworks */ = {isa = PBXBuildFile; productRef = 0ECF51062FD87EB4006943DA /* X509 */; };
		0ECF51162FD92305006943DA /* LiveAudioServer in Frameworks */ = {isa = PBXBuildFile; productRef = 0ECF51152FD92305006943DA /* LiveAudioServer */; };
		0ECF51282FDA8FF5006943DA /* GRDB in Frameworks */ = {isa = PBXBuildFile; productRef = 0ECF51272FDA8FF5006943DA /* GRDB */; };
		0ECF58D62FDB7F7F006943DA /* libusb-1.0.0.dylib in Frameworks */ = {isa = PBXBuildFile; fileRef = 0ECF58D52FDB7F7F006943DA /* libusb-1.0.0.dylib */; };
		0ECF58D82FDB8040006943DA /* libusb-1.0.0.dylib in Embed Frameworks */ = {isa = PBXBuildFile; fileRef = 0ECF58D52FDB7F7F006943DA /* libusb-1.0.0.dylib */; settings = {ATTRIBUTES = (CodeSignOnCopy, ); }; };
		0EFDB0112FFB000000BA711A /* PCMUDPSender in CopyFiles */ = {isa = PBXBuildFile; productRef = 0EFDB0012FFB000000BA711A /* PCMUDPSender */; settings = {ATTRIBUTES = (CodeSignOnCopy, ); }; };
		0EFDB0122FFB000000BA711A /* PCMUDPReceiver in CopyFiles */ = {isa = PBXBuildFile; productRef = 0EFDB0022FFB000000BA711A /* PCMUDPReceiver */; settings = {ATTRIBUTES = (CodeSignOnCopy, ); }; };
		0EFDB0132FFB000000BA711A /* PCMPassthrough in CopyFiles */ = {isa = PBXBuildFile; productRef = 0EFDB0032FFB000000BA711A /* PCMPassthrough */; settings = {ATTRIBUTES = (CodeSignOnCopy, ); }; };
		0EFDB0142FFB000000BA711A /* PCMMixer in CopyFiles */ = {isa = PBXBuildFile; productRef = 0EFDB0042FFB000000BA711A /* PCMMixer */; settings = {ATTRIBUTES = (CodeSignOnCopy, ); }; };
		0EFDB0152FFB000000BA711A /* PCMSpeechSynth in CopyFiles */ = {isa = PBXBuildFile; productRef = 0EFDB0052FFB000000BA711A /* PCMSpeechSynth */; settings = {ATTRIBUTES = (CodeSignOnCopy, ); }; };
		0EFDB0162FFB000000BA711A /* AUProcessor in CopyFiles */ = {isa = PBXBuildFile; productRef = 0EFDB0062FFB000000BA711A /* AUProcessor */; settings = {ATTRIBUTES = (CodeSignOnCopy, ); }; };
		0EFDB0172FFB000000BA711A /* AudioInputCapture in CopyFiles */ = {isa = PBXBuildFile; productRef = 0EFDB0072FFB000000BA711A /* AudioInputCapture */; settings = {ATTRIBUTES = (CodeSignOnCopy, ); }; };
		0EFDB0182FFB000000BA711A /* FMDeemphasis in CopyFiles */ = {isa = PBXBuildFile; productRef = 0EFDB0082FFB000000BA711A /* FMDeemphasis */; settings = {ATTRIBUTES = (CodeSignOnCopy, ); }; };
		0EFDB01A2FFB000000BA711A /* PCMJitterBuffer in CopyFiles */ = {isa = PBXBuildFile; productRef = 0EFDB0192FFB000000BA711A /* PCMJitterBuffer */; settings = {ATTRIBUTES = (CodeSignOnCopy, ); }; };
		A90985C3303A034385162080 /* LiveAudioRecorder in CopyFiles */ = {isa = PBXBuildFile; productRef = 926091239864FEF2D1C7078C /* LiveAudioRecorder */; settings = {ATTRIBUTES = (CodeSignOnCopy, ); }; };
		E86EBCDD413546D7853FB8EB /* PCMFilePlayer in CopyFiles */ = {isa = PBXBuildFile; productRef = DDA4BB40418C4C01B2B770DB /* PCMFilePlayer */; settings = {ATTRIBUTES = (CodeSignOnCopy, ); }; };
		AA000003AA000003AA000003 /* librtlsdr in Frameworks */ = {isa = PBXBuildFile; productRef = AA000002AA000002AA000002 /* librtlsdr */; };
		AA00000EAA00000EAA00000E /* rtl_fm_localradio.m in Sources */ = {isa = PBXBuildFile; fileRef = AA00000CAA00000CAA00000C /* rtl_fm_localradio.m */; };
		AA00000FAA00000FAA00000F /* convenience.c in Sources */ = {isa = PBXBuildFile; fileRef = AA00000DAA00000DAA00000D /* convenience.c */; };
		AA000012AA000012AA000012 /* rtl_fm_localradio in CopyFiles */ = {isa = PBXBuildFile; fileRef = AA00000BAA00000BAA00000B /* rtl_fm_localradio */; settings = {ATTRIBUTES = (CodeSignOnCopy, ); }; };
		AA000018AA000018AA000018 /* rtl_convenience.c in Sources */ = {isa = PBXBuildFile; fileRef = AA000017AA000017AA000017 /* rtl_convenience.c */; };
/* End PBXBuildFile section */

/* Begin PBXContainerItemProxy section */
		0EF469C62FCE8913001510D3 /* PBXContainerItemProxy */ = {
			isa = PBXContainerItemProxy;
			containerPortal = 0EF469AE2FCE8911001510D3 /* Project object */;
			proxyType = 1;
			remoteGlobalIDString = 0EF469B52FCE8911001510D3;
			remoteInfo = AntennaHead;
		};
		0EF469D02FCE8913001510D3 /* PBXContainerItemProxy */ = {
			isa = PBXContainerItemProxy;
			containerPortal = 0EF469AE2FCE8911001510D3 /* Project object */;
			proxyType = 1;
			remoteGlobalIDString = 0EF469B52FCE8911001510D3;
			remoteInfo = AntennaHead;
		};
		AA000014AA000014AA000014 /* PBXContainerItemProxy */ = {
			isa = PBXContainerItemProxy;
			containerPortal = 0EF469AE2FCE8911001510D3 /* Project object */;
			proxyType = 1;
			remoteGlobalIDString = AA000004AA000004AA000004;
			remoteInfo = rtl_fm_localradio;
		};
/* End PBXContainerItemProxy section */

/* Begin PBXCopyFilesBuildPhase section */
		0ECF51142FD91FC7006943DA /* CopyFiles */ = {
			isa = PBXCopyFilesBuildPhase;
			buildActionMask = 2147483647;
			dstPath = Contents/Helpers;
			dstSubfolderSpec = 1;
			files = (
				0EAEBB1C2FFADA5700BA711A /* LiveAudioServer in CopyFiles */,
				AA000012AA000012AA000012 /* rtl_fm_localradio in CopyFiles */,
				0EAEB6782FED566300BA711A /* sox in CopyFiles */,
				0EAEB8B82FF3BA2800BA711A /* stereodemux in CopyFiles */,
				0EFDB0132FFB000000BA711A /* PCMPassthrough in CopyFiles */,
				0EFDB0112FFB000000BA711A /* PCMUDPSender in CopyFiles */,
				0EFDB0122FFB000000BA711A /* PCMUDPReceiver in CopyFiles */,
				0EFDB0142FFB000000BA711A /* PCMMixer in CopyFiles */,
				0EFDB0152FFB000000BA711A /* PCMSpeechSynth in CopyFiles */,
				0EFDB0172FFB000000BA711A /* AudioInputCapture in CopyFiles */,
				0EFDB0162FFB000000BA711A /* AUProcessor in CopyFiles */,
				0EFDB0182FFB000000BA711A /* FMDeemphasis in CopyFiles */,
				0EFDB01A2FFB000000BA711A /* PCMJitterBuffer in CopyFiles */,
				A90985C3303A034385162080 /* LiveAudioRecorder in CopyFiles */,
				E86EBCDD413546D7853FB8EB /* PCMFilePlayer in CopyFiles */,
			);
			runOnlyForDeploymentPostprocessing = 0;
		};
		0ECF58D72FDB8021006943DA /* Embed Frameworks */ = {
			isa = PBXCopyFilesBuildPhase;
			buildActionMask = 2147483647;
			dstPath = "";
			dstSubfolderSpec = 10;
			files = (
				0EAEB8BC2FF3BB1500BA711A /* libfec.dylib in Embed Frameworks */,
				0EAEB8BE2FF3BB2C00BA711A /* libfftw3f.3.dylib in Embed Frameworks */,
				0EAEB8C22FF3BB8700BA711A /* libFLAC.14.dylib in Embed Frameworks */,
				0EAEB8C92FF3BBD100BA711A /* libvorbisenc.2.dylib in Embed Frameworks */,
				0EAEB8CA2FF3BBD100BA711A /* libmp3lame.0.dylib in Embed Frameworks */,
				0EAEB8CB2FF3BBD100BA711A /* libogg.0.dylib in Embed Frameworks */,
				0EAEB8CC2FF3BBD100BA711A /* libmpg123.0.dylib in Embed Frameworks */,
				0EAEB8CD2FF3BBD100BA711A /* libopus.0.dylib in Embed Frameworks */,
				0EAEB8CE2FF3BBD100BA711A /* libvorbis.0.dylib in Embed Frameworks */,
				0EAEB8BA2FF3BAFE00BA711A /* libliquid.dylib in Embed Frameworks */,
				0ECF58D82FDB8040006943DA /* libusb-1.0.0.dylib in Embed Frameworks */,
				0EAEB8C02FF3BB5000BA711A /* libsndfile.1.dylib in Embed Frameworks */,
			);
			name = "Embed Frameworks";
			runOnlyForDeploymentPostprocessing = 0;
		};
/* End PBXCopyFilesBuildPhase section */

/* Begin PBXFileReference section */
		0EA488A3300DD6D70030FD73 /* README.md */ = {isa = PBXFileReference; lastKnownFileType = net.daringfireball.markdown; path = README.md; sourceTree = "<group>"; };
		0EA8DC4A2FD666B300D79877 /* Web */ = {isa = PBXFileReference; lastKnownFileType = folder; path = Web; sourceTree = "<group>"; };
		0EAEB6772FED562F00BA711A /* sox */ = {isa = PBXFileReference; lastKnownFileType = "compiled.mach-o.executable"; path = sox; sourceTree = "<group>"; };
		0EAEB8B72FF3BA2700BA711A /* stereodemux */ = {isa = PBXFileReference; lastKnownFileType = "compiled.mach-o.executable"; path = stereodemux; sourceTree = "<group>"; };
		0EAEB8B92FF3BAFE00BA711A /* libliquid.dylib */ = {isa = PBXFileReference; lastKnownFileType = "compiled.mach-o.dylib"; path = libliquid.dylib; sourceTree = "<group>"; };
		0EAEB8BB2FF3BB1500BA711A /* libfec.dylib */ = {isa = PBXFileReference; lastKnownFileType = "compiled.mach-o.dylib"; path = libfec.dylib; sourceTree = "<group>"; };
		0EAEB8BD2FF3BB2C00BA711A /* libfftw3f.3.dylib */ = {isa = PBXFileReference; lastKnownFileType = "compiled.mach-o.dylib"; path = libfftw3f.3.dylib; sourceTree = "<group>"; };
		0EAEB8BF2FF3BB5000BA711A /* libsndfile.1.dylib */ = {isa = PBXFileReference; lastKnownFileType = "compiled.mach-o.dylib"; path = libsndfile.1.dylib; sourceTree = "<group>"; };
		0EAEB8C12FF3BB8700BA711A /* libFLAC.14.dylib */ = {isa = PBXFileReference; lastKnownFileType = "compiled.mach-o.dylib"; path = libFLAC.14.dylib; sourceTree = "<group>"; };
		0EAEB8C32FF3BBD100BA711A /* libvorbisenc.2.dylib */ = {isa = PBXFileReference; lastKnownFileType = "compiled.mach-o.dylib"; path = libvorbisenc.2.dylib; sourceTree = "<group>"; };
		0EAEB8C42FF3BBD100BA711A /* libmp3lame.0.dylib */ = {isa = PBXFileReference; lastKnownFileType = "compiled.mach-o.dylib"; path = libmp3lame.0.dylib; sourceTree = "<group>"; };
		0EAEB8C52FF3BBD100BA711A /* libogg.0.dylib */ = {isa = PBXFileReference; lastKnownFileType = "compiled.mach-o.dylib"; path = libogg.0.dylib; sourceTree = "<group>"; };
		0EAEB8C62FF3BBD100BA711A /* libmpg123.0.dylib */ = {isa = PBXFileReference; lastKnownFileType = "compiled.mach-o.dylib"; path = libmpg123.0.dylib; sourceTree = "<group>"; };
		0EAEB8C72FF3BBD100BA711A /* libopus.0.dylib */ = {isa = PBXFileReference; lastKnownFileType = "compiled.mach-o.dylib"; path = libopus.0.dylib; sourceTree = "<group>"; };
		0EAEB8C82FF3BBD100BA711A /* libvorbis.0.dylib */ = {isa = PBXFileReference; lastKnownFileType = "compiled.mach-o.dylib"; path = libvorbis.0.dylib; sourceTree = "<group>"; };
		0EAEBB1B2FFADA5700BA711A /* LiveAudioServer */ = {isa = PBXFileReference; lastKnownFileType = "compiled.mach-o.executable"; path = LiveAudioServer; sourceTree = "<group>"; };
		0ECF58D52FDB7F7F006943DA /* libusb-1.0.0.dylib */ = {isa = PBXFileReference; lastKnownFileType = "compiled.mach-o.dylib"; path = "libusb-1.0.0.dylib"; sourceTree = "<group>"; };
		0EF469B62FCE8911001510D3 /* AntennaHead.app */ = {isa = PBXFileReference; explicitFileType = wrapper.application; includeInIndex = 0; path = AntennaHead.app; sourceTree = BUILT_PRODUCTS_DIR; };
		0EF469C52FCE8913001510D3 /* AntennaHeadTests.xctest */ = {isa = PBXFileReference; explicitFileType = wrapper.cfbundle; includeInIndex = 0; path = AntennaHeadTests.xctest; sourceTree = BUILT_PRODUCTS_DIR; };
		0EF469CF2FCE8913001510D3 /* AntennaHeadUITests.xctest */ = {isa = PBXFileReference; explicitFileType = wrapper.cfbundle; includeInIndex = 0; path = AntennaHeadUITests.xctest; sourceTree = BUILT_PRODUCTS_DIR; };
		AA00000BAA00000BAA00000B /* rtl_fm_localradio */ = {isa = PBXFileReference; explicitFileType = "compiled.mach-o.executable"; includeInIndex = 0; path = rtl_fm_localradio; sourceTree = BUILT_PRODUCTS_DIR; };
		AA00000CAA00000CAA00000C /* rtl_fm_localradio.m */ = {isa = PBXFileReference; lastKnownFileType = sourcecode.c.objc; path = rtl_fm_localradio.m; sourceTree = "<group>"; };
		AA00000DAA00000DAA00000D /* convenience.c */ = {isa = PBXFileReference; lastKnownFileType = sourcecode.c.c; path = convenience.c; sourceTree = "<group>"; };
		AA000017AA000017AA000017 /* rtl_convenience.c */ = {isa = PBXFileReference; lastKnownFileType = sourcecode.c.c; path = rtl_convenience.c; sourceTree = "<group>"; };
/* End PBXFileReference section */

/* Begin PBXFileSystemSynchronizedRootGroup section */
		0EA488A2300DD6B70030FD73 /* Docs */ = {
			isa = PBXFileSystemSynchronizedRootGroup;
			path = Docs;
			sourceTree = "<group>";
		};
		0EF469B82FCE8911001510D3 /* AntennaHead */ = {
			isa = PBXFileSystemSynchronizedRootGroup;
			path = AntennaHead;
			sourceTree = "<group>";
		};
		0EF469C82FCE8913001510D3 /* AntennaHeadTests */ = {
			isa = PBXFileSystemSynchronizedRootGroup;
			path = AntennaHeadTests;
			sourceTree = "<group>";
		};
		0EF469D22FCE8913001510D3 /* AntennaHeadUITests */ = {
			isa = PBXFileSystemSynchronizedRootGroup;
			path = AntennaHeadUITests;
			sourceTree = "<group>";
		};
/* End PBXFileSystemSynchronizedRootGroup section */

/* Begin PBXFrameworksBuildPhase section */
		0EF469B32FCE8911001510D3 /* Frameworks */ = {
			isa = PBXFrameworksBuildPhase;
			buildActionMask = 2147483647;
			files = (
				63BFD8D967259C3EFFB09DBE /* LiveAudioRecorder in Frameworks */,
				55FEDCE6E2AC4E308F09175D /* PCMFilePlayer in Frameworks */,
				0E543FA1301A3BE400506453 /* PCMJitterBuffer in Frameworks */,
				0E2AED75300F2B0E007F4143 /* FMDeemphasis in Frameworks */,
				0E2AED74300F2B0E007F4143 /* AudioInputCapture in Frameworks */,
				0E2AED73300F2B0E007F4143 /* AUProcessor in Frameworks */,
				0E2AED72300F2B0E007F4143 /* PCMSpeechSynth in Frameworks */,
				0E2AED71300F2B0E007F4143 /* PCMMixer in Frameworks */,
				0E2AED70300F2B0E007F4143 /* PCMPassthrough in Frameworks */,
				0E2AED6F300F2B0E007F4143 /* PCMUDPReceiver in Frameworks */,
				0E2AED6E300F2B0E007F4143 /* PCMUDPSender in Frameworks */,
				0ECF51162FD92305006943DA /* LiveAudioServer in Frameworks */,
				0ECF51042FD87DC8006943DA /* LiveAudioServerCore in Frameworks */,
				0ECF51072FD87EB4006943DA /* X509 in Frameworks */,
				0ECF58D62FDB7F7F006943DA /* libusb-1.0.0.dylib in Frameworks */,
				0ECF51282FDA8FF5006943DA /* GRDB in Frameworks */,
				AA000003AA000003AA000003 /* librtlsdr in Frameworks */,
				0EAEBB1A2FFAD5F300BA711A /* PipelineRunner in Frameworks */,
				0EAEBD032FFAE00000BA711A /* AirPlayReceiver in Frameworks */,
				A72841DCF0D2B73E6813A9E7 /* SharedLogging in Frameworks */,
			);
			runOnlyForDeploymentPostprocessing = 0;
		};
		0EF469C22FCE8913001510D3 /* Frameworks */ = {
			isa = PBXFrameworksBuildPhase;
			buildActionMask = 2147483647;
			files = (
			);
			runOnlyForDeploymentPostprocessing = 0;
		};
		0EF469CC2FCE8913001510D3 /* Frameworks */ = {
			isa = PBXFrameworksBuildPhase;
			buildActionMask = 2147483647;
			files = (
			);
			runOnlyForDeploymentPostprocessing = 0;
		};
		AA000009AA000009AA000009 /* Frameworks */ = {
			isa = PBXFrameworksBuildPhase;
			buildActionMask = 2147483647;
			files = (
			);
			runOnlyForDeploymentPostprocessing = 0;
		};
/* End PBXFrameworksBuildPhase section */

/* Begin PBXGroup section */
		0ECF510F2FD914EB006943DA /* Frameworks */ = {
			isa = PBXGroup;
			children = (
				0EAEB8C12FF3BB8700BA711A /* libFLAC.14.dylib */,
				0EAEB8C42FF3BBD100BA711A /* libmp3lame.0.dylib */,
				0EAEB8C62FF3BBD100BA711A /* libmpg123.0.dylib */,
				0EAEB8C52FF3BBD100BA711A /* libogg.0.dylib */,
				0EAEB8C72FF3BBD100BA711A /* libopus.0.dylib */,
				0EAEB8C82FF3BBD100BA711A /* libvorbis.0.dylib */,
				0EAEB8C32FF3BBD100BA711A /* libvorbisenc.2.dylib */,
				0EAEB8BF2FF3BB5000BA711A /* libsndfile.1.dylib */,
				0EAEB8BD2FF3BB2C00BA711A /* libfftw3f.3.dylib */,
				0EAEB8BB2FF3BB1500BA711A /* libfec.dylib */,
				0EAEB8B92FF3BAFE00BA711A /* libliquid.dylib */,
				0ECF58D52FDB7F7F006943DA /* libusb-1.0.0.dylib */,
				0EAEB8B72FF3BA2700BA711A /* stereodemux */,
				0EAEB6772FED562F00BA711A /* sox */,
				0EAEBB1B2FFADA5700BA711A /* LiveAudioServer */,
			);
			name = Frameworks;
			sourceTree = "<group>";
		};
		0EF469AD2FCE8911001510D3 = {
			isa = PBXGroup;
			children = (
				0EA488A3300DD6D70030FD73 /* README.md */,
				0EA488A2300DD6B70030FD73 /* Docs */,
				0EF469B82FCE8911001510D3 /* AntennaHead */,
				0EA8DC4A2FD666B300D79877 /* Web */,
				AA000015AA000015AA000015 /* rtl_fm_localradio_src */,
				0EF469C82FCE8913001510D3 /* AntennaHeadTests */,
				0EF469D22FCE8913001510D3 /* AntennaHeadUITests */,
				0ECF510F2FD914EB006943DA /* Frameworks */,
				0EF469B72FCE8911001510D3 /* Products */,
			);
			sourceTree = "<group>";
		};
		0EF469B72FCE8911001510D3 /* Products */ = {
			isa = PBXGroup;
			children = (
				0EF469B62FCE8911001510D3 /* AntennaHead.app */,
				0EF469C52FCE8913001510D3 /* AntennaHeadTests.xctest */,
				0EF469CF2FCE8913001510D3 /* AntennaHeadUITests.xctest */,
				AA00000BAA00000BAA00000B /* rtl_fm_localradio */,
			);
			name = Products;
			sourceTree = "<group>";
		};
		AA000015AA000015AA000015 /* rtl_fm_localradio_src */ = {
			isa = PBXGroup;
			children = (
				AA00000CAA00000CAA00000C /* rtl_fm_localradio.m */,
				AA000016AA000016AA000016 /* convenience */,
			);
			path = rtl_fm_localradio_src;
			sourceTree = "<group>";
		};
		AA000016AA000016AA000016 /* convenience */ = {
			isa = PBXGroup;
			children = (
				AA00000DAA00000DAA00000D /* convenience.c */,
				AA000017AA000017AA000017 /* rtl_convenience.c */,
			);
			path = convenience;
			sourceTree = "<group>";
		};
/* End PBXGroup section */

/* Begin PBXNativeTarget section */
		0EF469B52FCE8911001510D3 /* AntennaHead */ = {
			isa = PBXNativeTarget;
			buildConfigurationList = 0EF469D92FCE8913001510D3 /* Build configuration list for PBXNativeTarget "AntennaHead" */;
			buildPhases = (
				0EF469B22FCE8911001510D3 /* Sources */,
				0EF469B32FCE8911001510D3 /* Frameworks */,
				0EF469B42FCE8911001510D3 /* Resources */,
				0ECF51142FD91FC7006943DA /* CopyFiles */,
				0ECF511D2FD946E9006943DA /* Run Script - Fix LiveAudioServer Helper rpath */,
				0ECF58D72FDB8021006943DA /* Embed Frameworks */,
				0EAEBD042FFAE00000BA711A /* Embed AirPlayReceiver Helper */,
			);
			buildRules = (
			);
			dependencies = (
				0ECF51132FD91F92006943DA /* PBXTargetDependency */,
				AA000013AA000013AA000013 /* PBXTargetDependency */,
			);
			fileSystemSynchronizedGroups = (
				0EF469B82FCE8911001510D3 /* AntennaHead */,
			);
			name = AntennaHead;
			packageProductDependencies = (
				0ECF51032FD87DC8006943DA /* LiveAudioServerCore */,
				0ECF51062FD87EB4006943DA /* X509 */,
				0ECF51152FD92305006943DA /* LiveAudioServer */,
				0ECF51272FDA8FF5006943DA /* GRDB */,
				AA000002AA000002AA000002 /* librtlsdr */,
				0EAEBB192FFAD5F300BA711A /* PipelineRunner */,
				0EFDB0012FFB000000BA711A /* PCMUDPSender */,
				0EFDB0022FFB000000BA711A /* PCMUDPReceiver */,
				0EFDB0032FFB000000BA711A /* PCMPassthrough */,
				0EFDB0042FFB000000BA711A /* PCMMixer */,
				0EFDB0052FFB000000BA711A /* PCMSpeechSynth */,
				0EFDB0062FFB000000BA711A /* AUProcessor */,
				0EFDB0072FFB000000BA711A /* AudioInputCapture */,
				0EFDB0082FFB000000BA711A /* FMDeemphasis */,
				0EFDB0192FFB000000BA711A /* PCMJitterBuffer */,
				926091239864FEF2D1C7078C /* LiveAudioRecorder */,
				DDA4BB40418C4C01B2B770DB /* PCMFilePlayer */,
				0EAEBD022FFAE00000BA711A /* AirPlayReceiver */,
				308A34B58DA5DBBDFF8BDCF2 /* SharedLogging */,
			);
			productName = AntennaHead;
			productReference = 0EF469B62FCE8911001510D3 /* AntennaHead.app */;
			productType = "com.apple.product-type.application";
		};
		0EF469C42FCE8913001510D3 /* AntennaHeadTests */ = {
			isa = PBXNativeTarget;
			buildConfigurationList = 0EF469DC2FCE8913001510D3 /* Build configuration list for PBXNativeTarget "AntennaHeadTests" */;
			buildPhases = (
				0EF469C12FCE8913001510D3 /* Sources */,
				0EF469C22FCE8913001510D3 /* Frameworks */,
				0EF469C32FCE8913001510D3 /* Resources */,
			);
			buildRules = (
			);
			dependencies = (
				0EF469C72FCE8913001510D3 /* PBXTargetDependency */,
			);
			fileSystemSynchronizedGroups = (
				0EF469C82FCE8913001510D3 /* AntennaHeadTests */,
			);
			name = AntennaHeadTests;
			packageProductDependencies = (
			);
			productName = AntennaHeadTests;
			productReference = 0EF469C52FCE8913001510D3 /* AntennaHeadTests.xctest */;
			productType = "com.apple.product-type.bundle.unit-test";
		};
		0EF469CE2FCE8913001510D3 /* AntennaHeadUITests */ = {
			isa = PBXNativeTarget;
			buildConfigurationList = 0EF469DF2FCE8913001510D3 /* Build configuration list for PBXNativeTarget "AntennaHeadUITests" */;
			buildPhases = (
				0EF469CB2FCE8913001510D3 /* Sources */,
				0EF469CC2FCE8913001510D3 /* Frameworks */,
				0EF469CD2FCE8913001510D3 /* Resources */,
			);
			buildRules = (
			);
			dependencies = (
				0EF469D12FCE8913001510D3 /* PBXTargetDependency */,
			);
			fileSystemSynchronizedGroups = (
				0EF469D22FCE8913001510D3 /* AntennaHeadUITests */,
			);
			name = AntennaHeadUITests;
			packageProductDependencies = (
			);
			productName = AntennaHeadUITests;
			productReference = 0EF469CF2FCE8913001510D3 /* AntennaHeadUITests.xctest */;
			productType = "com.apple.product-type.bundle.ui-testing";
		};
		AA000004AA000004AA000004 /* rtl_fm_localradio */ = {
			isa = PBXNativeTarget;
			buildConfigurationList = AA000007AA000007AA000007 /* Build configuration list for PBXNativeTarget "rtl_fm_localradio" */;
			buildPhases = (
				AA000008AA000008AA000008 /* Sources */,
				AA000009AA000009AA000009 /* Frameworks */,
				0ECF58DA2FDC92D1006943DA /* run install_name_tool */,
			);
			buildRules = (
			);
			dependencies = (
			);
			name = rtl_fm_localradio;
			productName = rtl_fm_localradio;
			productReference = AA00000BAA00000BAA00000B /* rtl_fm_localradio */;
			productType = "com.apple.product-type.tool";
		};
/* End PBXNativeTarget section */

/* Begin PBXProject section */
		0EF469AE2FCE8911001510D3 /* Project object */ = {
			isa = PBXProject;
			attributes = {
				BuildIndependentTargetsInParallel = 1;
				LastSwiftUpdateCheck = 2650;
				LastUpgradeCheck = 2650;
				TargetAttributes = {
					0EF469B52FCE8911001510D3 = {
						CreatedOnToolsVersion = 26.5;
					};
					0EF469C42FCE8913001510D3 = {
						CreatedOnToolsVersion = 26.5;
						TestTargetID = 0EF469B52FCE8911001510D3;
					};
					0EF469CE2FCE8913001510D3 = {
						CreatedOnToolsVersion = 26.5;
						TestTargetID = 0EF469B52FCE8911001510D3;
					};
					AA000004AA000004AA000004 = {
						CreatedOnToolsVersion = 26.5;
					};
				};
			};
			buildConfigurationList = 0EF469B12FCE8911001510D3 /* Build configuration list for PBXProject "AntennaHead" */;
			developmentRegion = en;
			hasScannedForEncodings = 0;
			knownRegions = (
				en,
				Base,
			);
			mainGroup = 0EF469AD2FCE8911001510D3;
			minimizedProjectReferenceProxies = 1;
			packageReferences = (
				0ECF51022FD87DC8006943DA /* XCRemoteSwiftPackageReference "LiveAudioServer" */,
				0ECF51052FD87EB4006943DA /* XCRemoteSwiftPackageReference "swift-certificates" */,
				0ECF51262FDA8FF5006943DA /* XCRemoteSwiftPackageReference "GRDB" */,
				AA000001AA000001AA000001 /* XCRemoteSwiftPackageReference "antennahead-librtlsdr" */,
				0EAEBB182FFAD5F300BA711A /* XCLocalSwiftPackageReference "../PipelineHelpers" */,
				0EAEBD012FFAE00000BA711A /* XCRemoteSwiftPackageReference "AirPlayReceiver" */,
				F230C2FAC07247AFC99310B6 /* XCLocalSwiftPackageReference "../SharedLogging" */,
			);
			preferredProjectObjectVersion = 77;
			productRefGroup = 0EF469B72FCE8911001510D3 /* Products */;
			projectDirPath = "";
			projectRoot = "";
			targets = (
				0EF469B52FCE8911001510D3 /* AntennaHead */,
				0EF469C42FCE8913001510D3 /* AntennaHeadTests */,
				0EF469CE2FCE8913001510D3 /* AntennaHeadUITests */,
				AA000004AA000004AA000004 /* rtl_fm_localradio */,
			);
		};
/* End PBXProject section */

/* Begin PBXResourcesBuildPhase section */
		0EF469B42FCE8911001510D3 /* Resources */ = {
			isa = PBXResourcesBuildPhase;
			buildActionMask = 2147483647;
			files = (
				0EA8DC4B2FD666B300D79877 /* Web in Resources */,
			);
			runOnlyForDeploymentPostprocessing = 0;
		};
		0EF469C32FCE8913001510D3 /* Resources */ = {
			isa = PBXResourcesBuildPhase;
			buildActionMask = 2147483647;
			files = (
			);
			runOnlyForDeploymentPostprocessing = 0;
		};
		0EF469CD2FCE8913001510D3 /* Resources */ = {
			isa = PBXResourcesBuildPhase;
			buildActionMask = 2147483647;
			files = (
			);
			runOnlyForDeploymentPostprocessing = 0;
		};
/* End PBXResourcesBuildPhase section */

/* Begin PBXShellScriptBuildPhase section */
		0EAEBD042FFAE00000BA711A /* Embed AirPlayReceiver Helper */ = {
			isa = PBXShellScriptBuildPhase;
			alwaysOutOfDate = 1;
			buildActionMask = 2147483647;
			files = (
			);
			inputFileListPaths = (
			);
			inputPaths = (
				"$(BUILT_PRODUCTS_DIR)/AirPlayReceiver_AirPlayReceiver.bundle/Contents/Resources/Resources/shairport-sync",
				"$(BUILT_PRODUCTS_DIR)/AirPlayReceiver_AirPlayReceiver.bundle/Contents/Resources/Resources/Frameworks/libconfig.11.dylib",
				"$(BUILT_PRODUCTS_DIR)/AirPlayReceiver_AirPlayReceiver.bundle/Contents/Resources/Resources/Frameworks/libcrypto.3.dylib",
				"$(BUILT_PRODUCTS_DIR)/AirPlayReceiver_AirPlayReceiver.bundle/Contents/Resources/Resources/Frameworks/libiconv.2.dylib",
				"$(BUILT_PRODUCTS_DIR)/AirPlayReceiver_AirPlayReceiver.bundle/Contents/Resources/Resources/Frameworks/libintl.8.dylib",
				"$(BUILT_PRODUCTS_DIR)/AirPlayReceiver_AirPlayReceiver.bundle/Contents/Resources/Resources/Frameworks/libpopt.0.dylib",
				"$(BUILT_PRODUCTS_DIR)/AirPlayReceiver_AirPlayReceiver.bundle/Contents/Resources/Resources/Frameworks/libsoxr.0.dylib",
				"$(BUILT_PRODUCTS_DIR)/AirPlayReceiver_AirPlayReceiver.bundle/Contents/Resources/Resources/Frameworks/libssl.3.dylib",
				"$(BUILT_PRODUCTS_DIR)/AirPlayReceiver_AirPlayReceiver.bundle/Contents/Resources/Resources/Frameworks/libz.1.dylib",
			);
			name = "Embed AirPlayReceiver Helper";
			outputFileListPaths = (
			);
			outputPaths = (
				"$(TARGET_BUILD_DIR)/$(WRAPPER_NAME)/Contents/Helpers/shairport-sync",
				"$(TARGET_BUILD_DIR)/$(WRAPPER_NAME)/Contents/Frameworks/libconfig.11.dylib",
				"$(TARGET_BUILD_DIR)/$(WRAPPER_NAME)/Contents/Frameworks/libcrypto.3.dylib",
				"$(TARGET_BUILD_DIR)/$(WRAPPER_NAME)/Contents/Frameworks/libiconv.2.dylib",
				"$(TARGET_BUILD_DIR)/$(WRAPPER_NAME)/Contents/Frameworks/libintl.8.dylib",
				"$(TARGET_BUILD_DIR)/$(WRAPPER_NAME)/Contents/Frameworks/libpopt.0.dylib",
				"$(TARGET_BUILD_DIR)/$(WRAPPER_NAME)/Contents/Frameworks/libsoxr.0.dylib",
				"$(TARGET_BUILD_DIR)/$(WRAPPER_NAME)/Contents/Frameworks/libssl.3.dylib",
				"$(TARGET_BUILD_DIR)/$(WRAPPER_NAME)/Contents/Frameworks/libz.1.dylib",
			);
			runOnlyForDeploymentPostprocessing = 0;
			shellPath = /bin/sh;
			shellScript = "set -e\n# shairport-sync and its dylibs are already ad-hoc signed by\n# scripts/build-shairport-sync.sh at vendor time; cp preserves that\n# signature. Both re-codesigning and directory-globbing here would need\n# filesystem access the script-phase sandbox (ENABLE_USER_SCRIPT_SANDBOXING)\n# denies since only the exact declared input/output paths are permitted.\n# AntennaHead already vendors sox itself via the CopyFiles phase, so it\n# doesn't need handling here the way ControlBooth's equivalent phase does.\nBUNDLE=\"${BUILT_PRODUCTS_DIR}/AirPlayReceiver_AirPlayReceiver.bundle/Contents/Resources/Resources\"\nHELPERS_DIR=\"${TARGET_BUILD_DIR}/${WRAPPER_NAME}/Contents/Helpers\"\nFRAMEWORKS_DIR=\"${TARGET_BUILD_DIR}/${WRAPPER_NAME}/Contents/Frameworks\"\nmkdir -p \"${HELPERS_DIR}\" \"${FRAMEWORKS_DIR}\"\n\ncp -f \"${BUNDLE}/shairport-sync\" \"${HELPERS_DIR}/shairport-sync\"\nchmod +x \"${HELPERS_DIR}/shairport-sync\"\n\nfor name in libconfig.11.dylib libcrypto.3.dylib libiconv.2.dylib libintl.8.dylib libpopt.0.dylib libsoxr.0.dylib libssl.3.dylib libz.1.dylib; do\n  cp -f \"${BUNDLE}/Frameworks/${name}\" \"${FRAMEWORKS_DIR}/${name}\"\ndone\n";
		};
		0ECF511D2FD946E9006943DA /* Run Script - Fix LiveAudioServer Helper rpath */ = {
			isa = PBXShellScriptBuildPhase;
			buildActionMask = 2147483647;
			files = (
			);
			inputFileListPaths = (
			);
			inputPaths = (
				"$(TARGET_BUILD_DIR)/$(WRAPPER_NAME)/Contents/Helpers/LiveAudioServer",
			);
			name = "Run Script - Fix LiveAudioServer Helper rpath";
			outputFileListPaths = (
			);
			outputPaths = (
				"$(DERIVED_FILE_DIR)/LiveAudioServer.rpath-fixed.stamp",
			);
			runOnlyForDeploymentPostprocessing = 0;
			shellPath = /bin/sh;
			shellScript = "HELPER=\"${TARGET_BUILD_DIR}/${WRAPPER_NAME}/Contents/Helpers/LiveAudioServer\"\nSTAMP=\"${SCRIPT_OUTPUT_FILE_0}\"\nif [ -f \"$HELPER\" ]; then\n    if ! otool -l \"$HELPER\" | grep -q \"@executable_path/../Frameworks\"; then\n        install_name_tool -add_rpath \"@executable_path/../Frameworks\" \"$HELPER\"\n        codesign --force --sign \"${EXPANDED_CODE_SIGN_IDENTITY:--}\" \"$HELPER\"\n    fi\nfi\nmkdir -p \"$(dirname \"$STAMP\")\"\ntouch \"$STAMP\"\n";
		};
		0ECF58DA2FDC92D1006943DA /* run install_name_tool */ = {
			isa = PBXShellScriptBuildPhase;
			buildActionMask = 2147483647;
			files = (
			);
			inputFileListPaths = (
			);
			inputPaths = (
			);
			name = "run install_name_tool";
			outputFileListPaths = (
			);
			outputPaths = (
			);
			runOnlyForDeploymentPostprocessing = 0;
			shellPath = /bin/sh;
			shellScript = "# Must be positioned after Link Binary With Libraries, and before code-signing\nBIN=\"${TARGET_BUILD_DIR}/${EXECUTABLE_PATH}\"\n   install_name_tool -change \\\n       /opt/local/lib/libusb-1.0.0.dylib \\\n       @rpath/libusb-1.0.0.dylib \\\n       \"$BIN\"\n";
		};
/* End PBXShellScriptBuildPhase section */

/* Begin PBXSourcesBuildPhase section */
		0EF469B22FCE8911001510D3 /* Sources */ = {
			isa = PBXSourcesBuildPhase;
			buildActionMask = 2147483647;
			files = (
			);
			runOnlyForDeploymentPostprocessing = 0;
		};
		0EF469C12FCE8913001510D3 /* Sources */ = {
			isa = PBXSourcesBuildPhase;
			buildActionMask = 2147483647;
			files = (
			);
			runOnlyForDeploymentPostprocessing = 0;
		};
		0EF469CB2FCE8913001510D3 /* Sources */ = {
			isa = PBXSourcesBuildPhase;
			buildActionMask = 2147483647;
			files = (
			);
			runOnlyForDeploymentPostprocessing = 0;
		};
		AA000008AA000008AA000008 /* Sources */ = {
			isa = PBXSourcesBuildPhase;
			buildActionMask = 2147483647;
			files = (
				AA00000EAA00000EAA00000E /* rtl_fm_localradio.m in Sources */,
				AA00000FAA00000FAA00000F /* convenience.c in Sources */,
				AA000018AA000018AA000018 /* rtl_convenience.c in Sources */,
			);
			runOnlyForDeploymentPostprocessing = 0;
		};
/* End PBXSourcesBuildPhase section */

/* Begin PBXTargetDependency section */
		0ECF51132FD91F92006943DA /* PBXTargetDependency */ = {
			isa = PBXTargetDependency;
			productRef = 0ECF51122FD91F92006943DA /* LiveAudioServer */;
		};
		0EF469C72FCE8913001510D3 /* PBXTargetDependency */ = {
			isa = PBXTargetDependency;
			target = 0EF469B52FCE8911001510D3 /* AntennaHead */;
			targetProxy = 0EF469C62FCE8913001510D3 /* PBXContainerItemProxy */;
		};
		0EF469D12FCE8913001510D3 /* PBXTargetDependency */ = {
			isa = PBXTargetDependency;
			target = 0EF469B52FCE8911001510D3 /* AntennaHead */;
			targetProxy = 0EF469D02FCE8913001510D3 /* PBXContainerItemProxy */;
		};
		AA000013AA000013AA000013 /* PBXTargetDependency */ = {
			isa = PBXTargetDependency;
			target = AA000004AA000004AA000004 /* rtl_fm_localradio */;
			targetProxy = AA000014AA000014AA000014 /* PBXContainerItemProxy */;
		};
/* End PBXTargetDependency section */

/* Begin XCBuildConfiguration section */
		0EF469D72FCE8913001510D3 /* Debug */ = {
			isa = XCBuildConfiguration;
			buildSettings = {
				ALWAYS_SEARCH_USER_PATHS = NO;
				ASSETCATALOG_COMPILER_GENERATE_SWIFT_ASSET_SYMBOL_EXTENSIONS = YES;
				CLANG_ANALYZER_NONNULL = YES;
				CLANG_ANALYZER_NUMBER_OBJECT_CONVERSION = YES_AGGRESSIVE;
				CLANG_CXX_LANGUAGE_STANDARD = "gnu++20";
				CLANG_ENABLE_MODULES = YES;
				CLANG_ENABLE_OBJC_ARC = YES;
				CLANG_ENABLE_OBJC_WEAK = YES;
				CLANG_WARN_BLOCK_CAPTURE_AUTORELEASING = YES;
				CLANG_WARN_BOOL_CONVERSION = YES;
				CLANG_WARN_COMMA = YES;
				CLANG_WARN_CONSTANT_CONVERSION = YES;
				CLANG_WARN_DEPRECATED_OBJC_IMPLEMENTATIONS = YES;
				CLANG_WARN_DIRECT_OBJC_ISA_USAGE = YES_ERROR;
				CLANG_WARN_DOCUMENTATION_COMMENTS = YES;
				CLANG_WARN_EMPTY_BODY = YES;
				CLANG_WARN_ENUM_CONVERSION = YES;
				CLANG_WARN_INFINITE_RECURSION = YES;
				CLANG_WARN_INT_CONVERSION = YES;
				CLANG_WARN_NON_LITERAL_NULL_CONVERSION = YES;
				CLANG_WARN_OBJC_IMPLICIT_RETAIN_SELF = YES;
				CLANG_WARN_OBJC_LITERAL_CONVERSION = YES;
				CLANG_WARN_OBJC_ROOT_CLASS = YES_ERROR;
				CLANG_WARN_QUOTED_INCLUDE_IN_FRAMEWORK_HEADER = YES;
				CLANG_WARN_RANGE_LOOP_ANALYSIS = YES;
				CLANG_WARN_STRICT_PROTOTYPES = YES;
				CLANG_WARN_SUSPICIOUS_MOVE = YES;
				CLANG_WARN_UNGUARDED_AVAILABILITY = YES_AGGRESSIVE;
				CLANG_WARN_UNREACHABLE_CODE = YES;
				CLANG_WARN__DUPLICATE_METHOD_MATCH = YES;
				COPY_PHASE_STRIP = NO;
				DEBUG_INFORMATION_FORMAT = dwarf;
				DEVELOPMENT_TEAM = MMFBWVS455;
				ENABLE_STRICT_OBJC_MSGSEND = YES;
				ENABLE_TESTABILITY = YES;
				ENABLE_USER_SCRIPT_SANDBOXING = NO;
				GCC_C_LANGUAGE_STANDARD = gnu17;
				GCC_DYNAMIC_NO_PIC = NO;
				GCC_NO_COMMON_BLOCKS = YES;
				GCC_OPTIMIZATION_LEVEL = 0;
				GCC_PREPROCESSOR_DEFINITIONS = (
					"DEBUG=1",
					"$(inherited)",
				);
				GCC_WARN_64_TO_32_BIT_CONVERSION = YES;
				GCC_WARN_ABOUT_RETURN_TYPE = YES_ERROR;
				GCC_WARN_UNDECLARED_SELECTOR = YES;
				GCC_WARN_UNINITIALIZED_AUTOS = YES_AGGRESSIVE;
				GCC_WARN_UNUSED_FUNCTION = YES;
				GCC_WARN_UNUSED_VARIABLE = YES;
				LD_RUNPATH_SEARCH_PATHS = "@executable_path/../Frameworks";
				LOCALIZATION_PREFERS_STRING_CATALOGS = YES;
				MACOSX_DEPLOYMENT_TARGET = 26.5;
				MTL_ENABLE_DEBUG_INFO = INCLUDE_SOURCE;
				MTL_FAST_MATH = YES;
				ONLY_ACTIVE_ARCH = YES;
				SDKROOT = macosx;
				SWIFT_ACTIVE_COMPILATION_CONDITIONS = "DEBUG $(inherited)";
				SWIFT_OPTIMIZATION_LEVEL = "-Onone";
			};
			name = Debug;
		};
		0EF469D82FCE8913001510D3 /* Release */ = {
			isa = XCBuildConfiguration;
			buildSettings = {
				ALWAYS_SEARCH_USER_PATHS = NO;
				ASSETCATALOG_COMPILER_GENERATE_SWIFT_ASSET_SYMBOL_EXTENSIONS = YES;
				CLANG_ANALYZER_NONNULL = YES;
				CLANG_ANALYZER_NUMBER_OBJECT_CONVERSION = YES_AGGRESSIVE;
				CLANG_CXX_LANGUAGE_STANDARD = "gnu++20";
				CLANG_ENABLE_MODULES = YES;
				CLANG_ENABLE_OBJC_ARC = YES;
				CLANG_ENABLE_OBJC_WEAK = YES;
				CLANG_WARN_BLOCK_CAPTURE_AUTORELEASING = YES;
				CLANG_WARN_BOOL_CONVERSION = YES;
				CLANG_WARN_COMMA = YES;
				CLANG_WARN_CONSTANT_CONVERSION = YES;
				CLANG_WARN_DEPRECATED_OBJC_IMPLEMENTATIONS = YES;
				CLANG_WARN_DIRECT_OBJC_ISA_USAGE = YES_ERROR;
				CLANG_WARN_DOCUMENTATION_COMMENTS = YES;
				CLANG_WARN_EMPTY_BODY = YES;
				CLANG_WARN_ENUM_CONVERSION = YES;
				CLANG_WARN_INFINITE_RECURSION = YES;
				CLANG_WARN_INT_CONVERSION = YES;
				CLANG_WARN_NON_LITERAL_NULL_CONVERSION = YES;
				CLANG_WARN_OBJC_IMPLICIT_RETAIN_SELF = YES;
				CLANG_WARN_OBJC_LITERAL_CONVERSION = YES;
				CLANG_WARN_OBJC_ROOT_CLASS = YES_ERROR;
				CLANG_WARN_QUOTED_INCLUDE_IN_FRAMEWORK_HEADER = YES;
				CLANG_WARN_RANGE_LOOP_ANALYSIS = YES;
				CLANG_WARN_STRICT_PROTOTYPES = YES;
				CLANG_WARN_SUSPICIOUS_MOVE = YES;
				CLANG_WARN_UNGUARDED_AVAILABILITY = YES_AGGRESSIVE;
				CLANG_WARN_UNREACHABLE_CODE = YES;
				CLANG_WARN__DUPLICATE_METHOD_MATCH = YES;
				COPY_PHASE_STRIP = NO;
				DEBUG_INFORMATION_FORMAT = "dwarf-with-dsym";
				DEVELOPMENT_TEAM = MMFBWVS455;
				ENABLE_NS_ASSERTIONS = NO;
				ENABLE_STRICT_OBJC_MSGSEND = YES;
				ENABLE_USER_SCRIPT_SANDBOXING = NO;
				GCC_C_LANGUAGE_STANDARD = gnu17;
				GCC_NO_COMMON_BLOCKS = YES;
				GCC_WARN_64_TO_32_BIT_CONVERSION = YES;
				GCC_WARN_ABOUT_RETURN_TYPE = YES_ERROR;
				GCC_WARN_UNDECLARED_SELECTOR = YES;
				GCC_WARN_UNINITIALIZED_AUTOS = YES_AGGRESSIVE;
				GCC_WARN_UNUSED_FUNCTION = YES;
				GCC_WARN_UNUSED_VARIABLE = YES;
				LD_RUNPATH_SEARCH_PATHS = "@executable_path/../Frameworks";
				LOCALIZATION_PREFERS_STRING_CATALOGS = YES;
				MACOSX_DEPLOYMENT_TARGET = 26.5;
				MTL_ENABLE_DEBUG_INFO = NO;
				MTL_FAST_MATH = YES;
				SDKROOT = macosx;
				SWIFT_COMPILATION_MODE = wholemodule;
			};
			name = Release;
		};
		0EF469DA2FCE8913001510D3 /* Debug */ = {
			isa = XCBuildConfiguration;
			buildSettings = {
				ASSETCATALOG_COMPILER_APPICON_NAME = AppIcon;
				ASSETCATALOG_COMPILER_GLOBAL_ACCENT_COLOR_NAME = AccentColor;
				CODE_SIGN_ENTITLEMENTS = AntennaHead/AntennaHead.entitlements;
				CODE_SIGN_STYLE = Automatic;
				COMBINE_HIDPI_IMAGES = YES;
				CURRENT_PROJECT_VERSION = 1;
				DEVELOPMENT_TEAM = MMFBWVS455;
				ENABLE_APP_SANDBOX = YES;
				ENABLE_HARDENED_RUNTIME = YES;
				ENABLE_INCOMING_NETWORK_CONNECTIONS = YES;
				ENABLE_OUTGOING_NETWORK_CONNECTIONS = YES;
				ENABLE_PREVIEWS = YES;
				ENABLE_RESOURCE_ACCESS_AUDIO_INPUT = YES;
				ENABLE_RESOURCE_ACCESS_BLUETOOTH = NO;
				ENABLE_RESOURCE_ACCESS_CALENDARS = NO;
				ENABLE_RESOURCE_ACCESS_CAMERA = NO;
				ENABLE_RESOURCE_ACCESS_CONTACTS = NO;
				ENABLE_RESOURCE_ACCESS_LOCATION = NO;
				ENABLE_RESOURCE_ACCESS_PRINTING = NO;
				ENABLE_RESOURCE_ACCESS_USB = YES;
				ENABLE_USER_SELECTED_FILES = readonly;
				GENERATE_INFOPLIST_FILE = NO;
				INFOPLIST_FILE = AntennaHead/Info.plist;
				INFOPLIST_KEY_NSHumanReadableCopyright = "";
				INFOPLIST_KEY_NSMicrophoneUsageDescription = "";
				LD_RUNPATH_SEARCH_PATHS = "@executable_path/../Frameworks";
				LIBRARY_SEARCH_PATHS = (
					"$(inherited)",
					"$(PROJECT_DIR)",
				);
				MARKETING_VERSION = 1.0;
				PRODUCT_BUNDLE_IDENTIFIER = com.dsward.AntennaHead;
				PRODUCT_NAME = "$(TARGET_NAME)";
				REGISTER_APP_GROUPS = YES;
				STRING_CATALOG_GENERATE_SYMBOLS = YES;
				SWIFT_APPROACHABLE_CONCURRENCY = YES;
				SWIFT_DEFAULT_ACTOR_ISOLATION = MainActor;
				SWIFT_EMIT_LOC_STRINGS = YES;
				SWIFT_UPCOMING_FEATURE_MEMBER_IMPORT_VISIBILITY = YES;
				SWIFT_VERSION = 5.0;
			};
			name = Debug;
		};
		0EF469DB2FCE8913001510D3 /* Release */ = {
			isa = XCBuildConfiguration;
			buildSettings = {
				ASSETCATALOG_COMPILER_APPICON_NAME = AppIcon;
				ASSETCATALOG_COMPILER_GLOBAL_ACCENT_COLOR_NAME = AccentColor;
				CODE_SIGN_ENTITLEMENTS = AntennaHead/AntennaHead.entitlements;
				CODE_SIGN_STYLE = Automatic;
				COMBINE_HIDPI_IMAGES = YES;
				CURRENT_PROJECT_VERSION = 1;
				DEVELOPMENT_TEAM = MMFBWVS455;
				ENABLE_APP_SANDBOX = YES;
				ENABLE_HARDENED_RUNTIME = YES;
				ENABLE_INCOMING_NETWORK_CONNECTIONS = YES;
				ENABLE_OUTGOING_NETWORK_CONNECTIONS = YES;
				ENABLE_PREVIEWS = YES;
				ENABLE_RESOURCE_ACCESS_AUDIO_INPUT = YES;
				ENABLE_RESOURCE_ACCESS_BLUETOOTH = NO;
				ENABLE_RESOURCE_ACCESS_CALENDARS = NO;
				ENABLE_RESOURCE_ACCESS_CAMERA = NO;
				ENABLE_RESOURCE_ACCESS_CONTACTS = NO;
				ENABLE_RESOURCE_ACCESS_LOCATION = NO;
				ENABLE_RESOURCE_ACCESS_PRINTING = NO;
				ENABLE_RESOURCE_ACCESS_USB = YES;
				ENABLE_USER_SELECTED_FILES = readonly;
				GENERATE_INFOPLIST_FILE = NO;
				INFOPLIST_FILE = AntennaHead/Info.plist;
				INFOPLIST_KEY_NSHumanReadableCopyright = "";
				INFOPLIST_KEY_NSMicrophoneUsageDescription = "";
				LD_RUNPATH_SEARCH_PATHS = "@executable_path/../Frameworks";
				LIBRARY_SEARCH_PATHS = (
					"$(inherited)",
					"$(PROJECT_DIR)",
				);
				MARKETING_VERSION = 1.0;
				PRODUCT_BUNDLE_IDENTIFIER = com.dsward.AntennaHead;
				PRODUCT_NAME = "$(TARGET_NAME)";
				REGISTER_APP_GROUPS = YES;
				STRING_CATALOG_GENERATE_SYMBOLS = YES;
				SWIFT_APPROACHABLE_CONCURRENCY = YES;
				SWIFT_DEFAULT_ACTOR_ISOLATION = MainActor;
				SWIFT_EMIT_LOC_STRINGS = YES;
				SWIFT_UPCOMING_FEATURE_MEMBER_IMPORT_VISIBILITY = YES;
				SWIFT_VERSION = 5.0;
			};
			name = Release;
		};
		0EF469DD2FCE8913001510D3 /* Debug */ = {
			isa = XCBuildConfiguration;
			buildSettings = {
				BUNDLE_LOADER = "$(TEST_HOST)";
				CODE_SIGN_STYLE = Automatic;
				CURRENT_PROJECT_VERSION = 1;
				DEVELOPMENT_TEAM = MMFBWVS455;
				GENERATE_INFOPLIST_FILE = YES;
				MACOSX_DEPLOYMENT_TARGET = 26.5;
				MARKETING_VERSION = 1.0;
				PRODUCT_BUNDLE_IDENTIFIER = com.dsward.AntennaHeadTests;
				PRODUCT_NAME = "$(TARGET_NAME)";
				STRING_CATALOG_GENERATE_SYMBOLS = NO;
				SWIFT_APPROACHABLE_CONCURRENCY = YES;
				SWIFT_EMIT_LOC_STRINGS = NO;
				SWIFT_UPCOMING_FEATURE_MEMBER_IMPORT_VISIBILITY = YES;
				SWIFT_VERSION = 5.0;
				TEST_HOST = "$(BUILT_PRODUCTS_DIR)/AntennaHead.app/$(BUNDLE_EXECUTABLE_FOLDER_PATH)/AntennaHead";
			};
			name = Debug;
		};
		0EF469DE2FCE8913001510D3 /* Release */ = {
			isa = XCBuildConfiguration;
			buildSettings = {
				BUNDLE_LOADER = "$(TEST_HOST)";
				CODE_SIGN_STYLE = Automatic;
				CURRENT_PROJECT_VERSION = 1;
				DEVELOPMENT_TEAM = MMFBWVS455;
				GENERATE_INFOPLIST_FILE = YES;
				MACOSX_DEPLOYMENT_TARGET = 26.5;
				MARKETING_VERSION = 1.0;
				PRODUCT_BUNDLE_IDENTIFIER = com.dsward.AntennaHeadTests;
				PRODUCT_NAME = "$(TARGET_NAME)";
				STRING_CATALOG_GENERATE_SYMBOLS = NO;
				SWIFT_APPROACHABLE_CONCURRENCY = YES;
				SWIFT_EMIT_LOC_STRINGS = NO;
				SWIFT_UPCOMING_FEATURE_MEMBER_IMPORT_VISIBILITY = YES;
				SWIFT_VERSION = 5.0;
				TEST_HOST = "$(BUILT_PRODUCTS_DIR)/AntennaHead.app/$(BUNDLE_EXECUTABLE_FOLDER_PATH)/AntennaHead";
			};
			name = Release;
		};
		0EF469E02FCE8913001510D3 /* Debug */ = {
			isa = XCBuildConfiguration;
			buildSettings = {
				CODE_SIGN_STYLE = Automatic;
				CURRENT_PROJECT_VERSION = 1;
				DEVELOPMENT_TEAM = MMFBWVS455;
				GENERATE_INFOPLIST_FILE = YES;
				MARKETING_VERSION = 1.0;
				PRODUCT_BUNDLE_IDENTIFIER = com.dsward.AntennaHeadUITests;
				PRODUCT_NAME = "$(TARGET_NAME)";
				STRING_CATALOG_GENERATE_SYMBOLS = NO;
				SWIFT_APPROACHABLE_CONCURRENCY = YES;
				SWIFT_EMIT_LOC_STRINGS = NO;
				SWIFT_UPCOMING_FEATURE_MEMBER_IMPORT_VISIBILITY = YES;
				SWIFT_VERSION = 5.0;
				TEST_TARGET_NAME = AntennaHead;
			};
			name = Debug;
		};
		0EF469E12FCE8913001510D3 /* Release */ = {
			isa = XCBuildConfiguration;
			buildSettings = {
				CODE_SIGN_STYLE = Automatic;
				CURRENT_PROJECT_VERSION = 1;
				DEVELOPMENT_TEAM = MMFBWVS455;
				GENERATE_INFOPLIST_FILE = YES;
				MARKETING_VERSION = 1.0;
				PRODUCT_BUNDLE_IDENTIFIER = com.dsward.AntennaHeadUITests;
				PRODUCT_NAME = "$(TARGET_NAME)";
				STRING_CATALOG_GENERATE_SYMBOLS = NO;
				SWIFT_APPROACHABLE_CONCURRENCY = YES;
				SWIFT_EMIT_LOC_STRINGS = NO;
				SWIFT_UPCOMING_FEATURE_MEMBER_IMPORT_VISIBILITY = YES;
				SWIFT_VERSION = 5.0;
				TEST_TARGET_NAME = AntennaHead;
			};
			name = Release;
		};
		AA000005AA000005AA000005 /* Debug */ = {
			isa = XCBuildConfiguration;
			buildSettings = {
				ARCHS = arm64;
				CODE_SIGN_STYLE = Automatic;
				DEVELOPMENT_TEAM = MMFBWVS455;
				FRAMEWORK_SEARCH_PATHS = (
					"$(inherited)",
					"$(SRCROOT)/librtlsdr.xcframework/macos-arm64",
				);
				GCC_WARN_INHIBIT_ALL_WARNINGS = YES;
				GENERATE_INFOPLIST_FILE = YES;
				HEADER_SEARCH_PATHS = (
					"$(inherited)",
					"$(SRCROOT)/rtl_fm_localradio_src/include",
					"$(SRCROOT)/rtl_fm_localradio_src",
					"/opt/local/include/libusb-1.0",
				);
				MACOSX_DEPLOYMENT_TARGET = 12.0;
				OTHER_LDFLAGS = (
					"$(inherited)",
					"-framework",
					AudioToolbox,
					"-framework",
					CoreAudio,
					"-framework",
					CoreFoundation,
					"/opt/local/lib/libusb-1.0.dylib",
					"-F$(SRCROOT)/librtlsdr.xcframework/macos-arm64",
					"-framework",
					librtlsdr,
					"-rpath",
					"@executable_path/../Frameworks",
				);
				PRODUCT_NAME = rtl_fm_localradio;
				SDKROOT = macosx;
			};
			name = Debug;
		};
		AA000006AA000006AA000006 /* Release */ = {
			isa = XCBuildConfiguration;
			buildSettings = {
				ARCHS = arm64;
				"CODE_SIGN_IDENTITY[sdk=macosx*]" = "Apple Development";
				CODE_SIGN_STYLE = Automatic;
				DEVELOPMENT_TEAM = MMFBWVS455;
				FRAMEWORK_SEARCH_PATHS = (
					"$(inherited)",
					"$(SRCROOT)/librtlsdr.xcframework/macos-arm64",
				);
				GCC_WARN_INHIBIT_ALL_WARNINGS = YES;
				GENERATE_INFOPLIST_FILE = YES;
				HEADER_SEARCH_PATHS = (
					"$(inherited)",
					"$(SRCROOT)/rtl_fm_localradio_src/include",
					"$(SRCROOT)/rtl_fm_localradio_src",
					"/opt/local/include/libusb-1.0",
				);
				MACOSX_DEPLOYMENT_TARGET = 12.0;
				OTHER_LDFLAGS = (
					"$(inherited)",
					"-framework",
					AudioToolbox,
					"-framework",
					CoreAudio,
					"-framework",
					CoreFoundation,
					"/opt/local/lib/libusb-1.0.dylib",
					"-F$(SRCROOT)/librtlsdr.xcframework/macos-arm64",
					"-framework",
					librtlsdr,
					"-rpath",
					"@executable_path/../Frameworks",
				);
				PRODUCT_NAME = rtl_fm_localradio;
				SDKROOT = macosx;
			};
			name = Release;
		};
/* End XCBuildConfiguration section */

/* Begin XCConfigurationList section */
		0EF469B12FCE8911001510D3 /* Build configuration list for PBXProject "AntennaHead" */ = {
			isa = XCConfigurationList;
			buildConfigurations = (
				0EF469D72FCE8913001510D3 /* Debug */,
				0EF469D82FCE8913001510D3 /* Release */,
			);
			defaultConfigurationIsVisible = 0;
			defaultConfigurationName = Release;
		};
		0EF469D92FCE8913001510D3 /* Build configuration list for PBXNativeTarget "AntennaHead" */ = {
			isa = XCConfigurationList;
			buildConfigurations = (
				0EF469DA2FCE8913001510D3 /* Debug */,
				0EF469DB2FCE8913001510D3 /* Release */,
			);
			defaultConfigurationIsVisible = 0;
			defaultConfigurationName = Release;
		};
		0EF469DC2FCE8913001510D3 /* Build configuration list for PBXNativeTarget "AntennaHeadTests" */ = {
			isa = XCConfigurationList;
			buildConfigurations = (
				0EF469DD2FCE8913001510D3 /* Debug */,
				0EF469DE2FCE8913001510D3 /* Release */,
			);
			defaultConfigurationIsVisible = 0;
			defaultConfigurationName = Release;
		};
		0EF469DF2FCE8913001510D3 /* Build configuration list for PBXNativeTarget "AntennaHeadUITests" */ = {
			isa = XCConfigurationList;
			buildConfigurations = (
				0EF469E02FCE8913001510D3 /* Debug */,
				0EF469E12FCE8913001510D3 /* Release */,
			);
			defaultConfigurationIsVisible = 0;
			defaultConfigurationName = Release;
		};
		AA000007AA000007AA000007 /* Build configuration list for PBXNativeTarget "rtl_fm_localradio" */ = {
			isa = XCConfigurationList;
			buildConfigurations = (
				AA000005AA000005AA000005 /* Debug */,
				AA000006AA000006AA000006 /* Release */,
			);
			defaultConfigurationIsVisible = 0;
			defaultConfigurationName = Release;
		};
/* End XCConfigurationList section */

/* Begin XCLocalSwiftPackageReference section */
		0EAEBB182FFAD5F300BA711A /* XCLocalSwiftPackageReference "../PipelineHelpers" */ = {
			isa = XCLocalSwiftPackageReference;
			relativePath = ../PipelineHelpers;
		};
		F230C2FAC07247AFC99310B6 /* XCLocalSwiftPackageReference "../SharedLogging" */ = {
			isa = XCLocalSwiftPackageReference;
			relativePath = ../SharedLogging;
		};
/* End XCLocalSwiftPackageReference section */

/* Begin XCRemoteSwiftPackageReference section */
		0EAEBD012FFAE00000BA711A /* XCRemoteSwiftPackageReference "AirPlayReceiver" */ = {
			isa = XCRemoteSwiftPackageReference;
			repositoryURL = "https://github.com/dsward2/AirPlayReceiver";
			requirement = {
				branch = main;
				kind = branch;
			};
		};
		0ECF51022FD87DC8006943DA /* XCRemoteSwiftPackageReference "LiveAudioServer" */ = {
			isa = XCRemoteSwiftPackageReference;
			repositoryURL = "https://github.com/dsward2/LiveAudioServer";
			requirement = {
				branch = main;
				kind = branch;
			};
		};
		0ECF51052FD87EB4006943DA /* XCRemoteSwiftPackageReference "swift-certificates" */ = {
			isa = XCRemoteSwiftPackageReference;
			repositoryURL = "https://github.com/apple/swift-certificates.git";
			requirement = {
				kind = upToNextMajorVersion;
				minimumVersion = 1.19.1;
			};
		};
		0ECF51262FDA8FF5006943DA /* XCRemoteSwiftPackageReference "GRDB" */ = {
			isa = XCRemoteSwiftPackageReference;
			repositoryURL = "https://github.com/groue/GRDB.swift";
			requirement = {
				kind = upToNextMajorVersion;
				minimumVersion = 6.29.3;
			};
		};
		AA000001AA000001AA000001 /* XCRemoteSwiftPackageReference "antennahead-librtlsdr" */ = {
			isa = XCRemoteSwiftPackageReference;
			repositoryURL = "https://github.com/dsward2/antennahead-librtlsdr";
			requirement = {
				branch = main;
				kind = branch;
			};
		};
/* End XCRemoteSwiftPackageReference section */

/* Begin XCSwiftPackageProductDependency section */
		0EAEBB192FFAD5F300BA711A /* PipelineRunner */ = {
			isa = XCSwiftPackageProductDependency;
			package = 0EAEBB182FFAD5F300BA711A /* XCLocalSwiftPackageReference "../PipelineHelpers" */;
			productName = PipelineRunner;
		};
		0EAEBD022FFAE00000BA711A /* AirPlayReceiver */ = {
			isa = XCSwiftPackageProductDependency;
			package = 0EAEBD012FFAE00000BA711A /* XCRemoteSwiftPackageReference "AirPlayReceiver" */;
			productName = AirPlayReceiver;
		};
		308A34B58DA5DBBDFF8BDCF2 /* SharedLogging */ = {
			isa = XCSwiftPackageProductDependency;
			package = F230C2FAC07247AFC99310B6 /* XCLocalSwiftPackageReference "../SharedLogging" */;
			productName = SharedLogging;
		};
		0ECF51032FD87DC8006943DA /* LiveAudioServerCore */ = {
			isa = XCSwiftPackageProductDependency;
			package = 0ECF51022FD87DC8006943DA /* XCRemoteSwiftPackageReference "LiveAudioServer" */;
			productName = LiveAudioServerCore;
		};
		0ECF51062FD87EB4006943DA /* X509 */ = {
			isa = XCSwiftPackageProductDependency;
			package = 0ECF51052FD87EB4006943DA /* XCRemoteSwiftPackageReference "swift-certificates" */;
			productName = X509;
		};
		0ECF51122FD91F92006943DA /* LiveAudioServer */ = {
			isa = XCSwiftPackageProductDependency;
			package = 0ECF51022FD87DC8006943DA /* XCRemoteSwiftPackageReference "LiveAudioServer" */;
			productName = LiveAudioServer;
		};
		0ECF51152FD92305006943DA /* LiveAudioServer */ = {
			isa = XCSwiftPackageProductDependency;
			package = 0ECF51022FD87DC8006943DA /* XCRemoteSwiftPackageReference "LiveAudioServer" */;
			productName = LiveAudioServer;
		};
		0ECF51272FDA8FF5006943DA /* GRDB */ = {
			isa = XCSwiftPackageProductDependency;
			package = 0ECF51262FDA8FF5006943DA /* XCRemoteSwiftPackageReference "GRDB" */;
			productName = GRDB;
		};
		0EFDB0012FFB000000BA711A /* PCMUDPSender */ = {
			isa = XCSwiftPackageProductDependency;
			package = 0EAEBB182FFAD5F300BA711A /* XCLocalSwiftPackageReference "../PipelineHelpers" */;
			productName = PCMUDPSender;
		};
		0EFDB0022FFB000000BA711A /* PCMUDPReceiver */ = {
			isa = XCSwiftPackageProductDependency;
			package = 0EAEBB182FFAD5F300BA711A /* XCLocalSwiftPackageReference "../PipelineHelpers" */;
			productName = PCMUDPReceiver;
		};
		0EFDB0032FFB000000BA711A /* PCMPassthrough */ = {
			isa = XCSwiftPackageProductDependency;
			package = 0EAEBB182FFAD5F300BA711A /* XCLocalSwiftPackageReference "../PipelineHelpers" */;
			productName = PCMPassthrough;
		};
		0EFDB0042FFB000000BA711A /* PCMMixer */ = {
			isa = XCSwiftPackageProductDependency;
			package = 0EAEBB182FFAD5F300BA711A /* XCLocalSwiftPackageReference "../PipelineHelpers" */;
			productName = PCMMixer;
		};
		0EFDB0052FFB000000BA711A /* PCMSpeechSynth */ = {
			isa = XCSwiftPackageProductDependency;
			package = 0EAEBB182FFAD5F300BA711A /* XCLocalSwiftPackageReference "../PipelineHelpers" */;
			productName = PCMSpeechSynth;
		};
		0EFDB0062FFB000000BA711A /* AUProcessor */ = {
			isa = XCSwiftPackageProductDependency;
			package = 0EAEBB182FFAD5F300BA711A /* XCLocalSwiftPackageReference "../PipelineHelpers" */;
			productName = AUProcessor;
		};
		0EFDB0072FFB000000BA711A /* AudioInputCapture */ = {
			isa = XCSwiftPackageProductDependency;
			package = 0EAEBB182FFAD5F300BA711A /* XCLocalSwiftPackageReference "../PipelineHelpers" */;
			productName = AudioInputCapture;
		};
		0EFDB0082FFB000000BA711A /* FMDeemphasis */ = {
			isa = XCSwiftPackageProductDependency;
			package = 0EAEBB182FFAD5F300BA711A /* XCLocalSwiftPackageReference "../PipelineHelpers" */;
			productName = FMDeemphasis;
		};
		0EFDB0192FFB000000BA711A /* PCMJitterBuffer */ = {
			isa = XCSwiftPackageProductDependency;
			package = 0EAEBB182FFAD5F300BA711A /* XCLocalSwiftPackageReference "../PipelineHelpers" */;
			productName = PCMJitterBuffer;
		};
		926091239864FEF2D1C7078C /* LiveAudioRecorder */ = {
			isa = XCSwiftPackageProductDependency;
			package = 0EAEBB182FFAD5F300BA711A /* XCLocalSwiftPackageReference "../PipelineHelpers" */;
			productName = LiveAudioRecorder;
		};
		DDA4BB40418C4C01B2B770DB /* PCMFilePlayer */ = {
			isa = XCSwiftPackageProductDependency;
			package = 0EAEBB182FFAD5F300BA711A /* XCLocalSwiftPackageReference "../PipelineHelpers" */;
			productName = PCMFilePlayer;
		};
		AA000002AA000002AA000002 /* librtlsdr */ = {
			isa = XCSwiftPackageProductDependency;
			package = AA000001AA000001AA000001 /* XCRemoteSwiftPackageReference "antennahead-librtlsdr" */;
			productName = librtlsdr;
		};
/* End XCSwiftPackageProductDependency section */
	};
	rootObject = 0EF469AE2FCE8911001510D3 /* Project object */;
}
